
Microsoft Visual Studio Solution File, Format Version 12.00
# Visual Studio Version 16
VisualStudioVersion = 16.0.30517.126
MinimumVisualStudioVersion = 10.0.40219.1
Project("{FAE04EC0-301F-11D3-BF4B-00C04F79EFBC}") = "Enumeracoes", "Enumerações\Enumeracoes.csproj", "{D2A25FD8-4C52-4342-ADDA-010549058E08}"
EndProject
Global
	GlobalSection(SolutionConfigurationPlatforms) = preSolution
		Debug|Any CPU = Debug|Any CPU
		Release|Any CPU = Release|Any CPU
	EndGlobalSection
	GlobalSection(ProjectConfigurationPlatforms) = postSolution
		{D2A25FD8-4C52-4342-ADDA-010549058E08}.Debug|Any CPU.ActiveCfg = Debug|Any CPU
		{D2A25FD8-4C52-4342-ADDA-010549058E08}.Debug|Any CPU.Build.0 = Debug|Any CPU
		{D2A25FD8-4C52-4342-ADDA-010549058E08}.Release|Any CPU.ActiveCfg = Release|Any CPU
		{D2A25FD8-4C52-4342-ADDA-010549058E08}.Release|Any CPU.Build.0 = Release|Any CPU
	EndGlobalSection
	GlobalSection(SolutionProperties) = preSolution
		HideSolutionNode = FALSE
	EndGlobalSection
	GlobalSection(ExtensibilityGlobals) = postSolution
		SolutionGuid = {E01DBC9E-6767-4285-9A81-5F1647FD9516}
	EndGlobalSection
EndGlobal
