
Microsoft Visual Studio Solution File, Format Version 12.00
# Visual Studio Version 16
VisualStudioVersion = 16.0.30330.147
MinimumVisualStudioVersion = 10.0.40219.1
Project("{FAE04EC0-301F-11D3-BF4B-00C04F79EFBC}") = "ExercicioMetodosEstaticos", "ExercicioMetodosEstaticos\ExercicioMetodosEstaticos.csproj", "{57C15480-5966-4C39-B2B7-F0617C3215AF}"
EndProject
Global
	GlobalSection(SolutionConfigurationPlatforms) = preSolution
		Debug|Any CPU = Debug|Any CPU
		Release|Any CPU = Release|Any CPU
	EndGlobalSection
	GlobalSection(ProjectConfigurationPlatforms) = postSolution
		{57C15480-5966-4C39-B2B7-F0617C3215AF}.Debug|Any CPU.ActiveCfg = Debug|Any CPU
		{57C15480-5966-4C39-B2B7-F0617C3215AF}.Debug|Any CPU.Build.0 = Debug|Any CPU
		{57C15480-5966-4C39-B2B7-F0617C3215AF}.Release|Any CPU.ActiveCfg = Release|Any CPU
		{57C15480-5966-4C39-B2B7-F0617C3215AF}.Release|Any CPU.Build.0 = Release|Any CPU
	EndGlobalSection
	GlobalSection(SolutionProperties) = preSolution
		HideSolutionNode = FALSE
	EndGlobalSection
	GlobalSection(ExtensibilityGlobals) = postSolution
		SolutionGuid = {74BD8E15-5887-4D90-85DB-C4C30B87A31D}
	EndGlobalSection
EndGlobal
