
Microsoft Visual Studio Solution File, Format Version 12.00
# Visual Studio Version 16
VisualStudioVersion = 16.0.30330.147
MinimumVisualStudioVersion = 10.0.40219.1
Project("{FAE04EC0-301F-11D3-BF4B-00C04F79EFBC}") = "Entrada_Dados2", "Entrada_Dados2\Entrada_Dados2.csproj", "{E718D7D0-912B-486C-8E78-1947E04F1265}"
EndProject
Global
	GlobalSection(SolutionConfigurationPlatforms) = preSolution
		Debug|Any CPU = Debug|Any CPU
		Release|Any CPU = Release|Any CPU
	EndGlobalSection
	GlobalSection(ProjectConfigurationPlatforms) = postSolution
		{E718D7D0-912B-486C-8E78-1947E04F1265}.Debug|Any CPU.ActiveCfg = Debug|Any CPU
		{E718D7D0-912B-486C-8E78-1947E04F1265}.Debug|Any CPU.Build.0 = Debug|Any CPU
		{E718D7D0-912B-486C-8E78-1947E04F1265}.Release|Any CPU.ActiveCfg = Release|Any CPU
		{E718D7D0-912B-486C-8E78-1947E04F1265}.Release|Any CPU.Build.0 = Release|Any CPU
	EndGlobalSection
	GlobalSection(SolutionProperties) = preSolution
		HideSolutionNode = FALSE
	EndGlobalSection
	GlobalSection(ExtensibilityGlobals) = postSolution
		SolutionGuid = {84179119-220F-4CFD-B2EF-7EA7E80DB82B}
	EndGlobalSection
EndGlobal
