
Microsoft Visual Studio Solution File, Format Version 12.00
# Visual Studio Version 16
VisualStudioVersion = 16.0.30330.147
MinimumVisualStudioVersion = 10.0.40219.1
Project("{FAE04EC0-301F-11D3-BF4B-00C04F79EFBC}") = "Exercicio1", "Exercicio1\Exercicio1.csproj", "{D13047A0-6D90-4F6A-A2B2-EC132F3D35A9}"
EndProject
Global
	GlobalSection(SolutionConfigurationPlatforms) = preSolution
		Debug|Any CPU = Debug|Any CPU
		Release|Any CPU = Release|Any CPU
	EndGlobalSection
	GlobalSection(ProjectConfigurationPlatforms) = postSolution
		{D13047A0-6D90-4F6A-A2B2-EC132F3D35A9}.Debug|Any CPU.ActiveCfg = Debug|Any CPU
		{D13047A0-6D90-4F6A-A2B2-EC132F3D35A9}.Debug|Any CPU.Build.0 = Debug|Any CPU
		{D13047A0-6D90-4F6A-A2B2-EC132F3D35A9}.Release|Any CPU.ActiveCfg = Release|Any CPU
		{D13047A0-6D90-4F6A-A2B2-EC132F3D35A9}.Release|Any CPU.Build.0 = Release|Any CPU
	EndGlobalSection
	GlobalSection(SolutionProperties) = preSolution
		HideSolutionNode = FALSE
	EndGlobalSection
	GlobalSection(ExtensibilityGlobals) = postSolution
		SolutionGuid = {6563FA98-EBEF-44AC-A10E-AE9BD6357E53}
	EndGlobalSection
EndGlobal
