
Microsoft Visual Studio Solution File, Format Version 12.00
# Visual Studio Version 16
VisualStudioVersion = 16.0.30330.147
MinimumVisualStudioVersion = 10.0.40219.1
Project("{FAE04EC0-301F-11D3-BF4B-00C04F79EFBC}") = "Exercicio2", "Exercicio2\Exercicio2.csproj", "{C7A0DBC6-A751-45C9-B561-28D445350953}"
EndProject
Global
	GlobalSection(SolutionConfigurationPlatforms) = preSolution
		Debug|Any CPU = Debug|Any CPU
		Release|Any CPU = Release|Any CPU
	EndGlobalSection
	GlobalSection(ProjectConfigurationPlatforms) = postSolution
		{C7A0DBC6-A751-45C9-B561-28D445350953}.Debug|Any CPU.ActiveCfg = Debug|Any CPU
		{C7A0DBC6-A751-45C9-B561-28D445350953}.Debug|Any CPU.Build.0 = Debug|Any CPU
		{C7A0DBC6-A751-45C9-B561-28D445350953}.Release|Any CPU.ActiveCfg = Release|Any CPU
		{C7A0DBC6-A751-45C9-B561-28D445350953}.Release|Any CPU.Build.0 = Release|Any CPU
	EndGlobalSection
	GlobalSection(SolutionProperties) = preSolution
		HideSolutionNode = FALSE
	EndGlobalSection
	GlobalSection(ExtensibilityGlobals) = postSolution
		SolutionGuid = {29EE265D-EFD6-4E33-932A-1A190A4E7359}
	EndGlobalSection
EndGlobal
