
Microsoft Visual Studio Solution File, Format Version 12.00
# Visual Studio Version 16
VisualStudioVersion = 16.0.30330.147
MinimumVisualStudioVersion = 10.0.40219.1
Project("{FAE04EC0-301F-11D3-BF4B-00C04F79EFBC}") = "Exercicio1", "Exercicio1\Exercicio1.csproj", "{BC4CC012-3F18-4A8B-991D-3C6119D52B01}"
EndProject
Global
	GlobalSection(SolutionConfigurationPlatforms) = preSolution
		Debug|Any CPU = Debug|Any CPU
		Release|Any CPU = Release|Any CPU
	EndGlobalSection
	GlobalSection(ProjectConfigurationPlatforms) = postSolution
		{BC4CC012-3F18-4A8B-991D-3C6119D52B01}.Debug|Any CPU.ActiveCfg = Debug|Any CPU
		{BC4CC012-3F18-4A8B-991D-3C6119D52B01}.Debug|Any CPU.Build.0 = Debug|Any CPU
		{BC4CC012-3F18-4A8B-991D-3C6119D52B01}.Release|Any CPU.ActiveCfg = Release|Any CPU
		{BC4CC012-3F18-4A8B-991D-3C6119D52B01}.Release|Any CPU.Build.0 = Release|Any CPU
	EndGlobalSection
	GlobalSection(SolutionProperties) = preSolution
		HideSolutionNode = FALSE
	EndGlobalSection
	GlobalSection(ExtensibilityGlobals) = postSolution
		SolutionGuid = {796EB012-71E6-450B-B763-AC506C7DAC37}
	EndGlobalSection
EndGlobal
