
Microsoft Visual Studio Solution File, Format Version 12.00
# Visual Studio Version 16
VisualStudioVersion = 16.0.30330.147
MinimumVisualStudioVersion = 10.0.40219.1
Project("{FAE04EC0-301F-11D3-BF4B-00C04F79EFBC}") = "Exercicio2", "Exercicio2\Exercicio2.csproj", "{DD36C7F7-797E-458F-AA58-8C4BDC38440C}"
EndProject
Global
	GlobalSection(SolutionConfigurationPlatforms) = preSolution
		Debug|Any CPU = Debug|Any CPU
		Release|Any CPU = Release|Any CPU
	EndGlobalSection
	GlobalSection(ProjectConfigurationPlatforms) = postSolution
		{DD36C7F7-797E-458F-AA58-8C4BDC38440C}.Debug|Any CPU.ActiveCfg = Debug|Any CPU
		{DD36C7F7-797E-458F-AA58-8C4BDC38440C}.Debug|Any CPU.Build.0 = Debug|Any CPU
		{DD36C7F7-797E-458F-AA58-8C4BDC38440C}.Release|Any CPU.ActiveCfg = Release|Any CPU
		{DD36C7F7-797E-458F-AA58-8C4BDC38440C}.Release|Any CPU.Build.0 = Release|Any CPU
	EndGlobalSection
	GlobalSection(SolutionProperties) = preSolution
		HideSolutionNode = FALSE
	EndGlobalSection
	GlobalSection(ExtensibilityGlobals) = postSolution
		SolutionGuid = {BCEAEAFA-1C11-453C-B910-AD9EA6811DDA}
	EndGlobalSection
EndGlobal
